
Microsoft Visual Studio Solution File, Format Version 12.00
# Visual Studio Version 16
VisualStudioVersion = 16.0.30717.126
MinimumVisualStudioVersion = 10.0.40219.1
Project("{9A19103F-16F7-4668-BE54-9A1E7A4F7556}") = "PcrBattleChannel", "PcrBattleChannel.csproj", "{89A9D429-82D9-4089-AFD0-D7308EA1ECC1}"
EndProject
Global
	GlobalSection(SolutionConfigurationPlatforms) = preSolution
		Debug|Any CPU = Debug|Any CPU
		Release|Any CPU = Release|Any CPU
	EndGlobalSection
	GlobalSection(ProjectConfigurationPlatforms) = postSolution
		{89A9D429-82D9-4089-AFD0-D7308EA1ECC1}.Debug|Any CPU.ActiveCfg = Debug|Any CPU
		{89A9D429-82D9-4089-AFD0-D7308EA1ECC1}.Debug|Any CPU.Build.0 = Debug|Any CPU
		{89A9D429-82D9-4089-AFD0-D7308EA1ECC1}.Release|Any CPU.ActiveCfg = Release|Any CPU
		{89A9D429-82D9-4089-AFD0-D7308EA1ECC1}.Release|Any CPU.Build.0 = Release|Any CPU
	EndGlobalSection
	GlobalSection(SolutionProperties) = preSolution
		HideSolutionNode = FALSE
	EndGlobalSection
	GlobalSection(ExtensibilityGlobals) = postSolution
		SolutionGuid = {3FA04897-A426-4754-BA4D-489076ADC088}
	EndGlobalSection
EndGlobal
